
Microsoft Visual Studio Solution File, Format Version 12.00
# Visual Studio Version 17
VisualStudioVersion = 17.4.33213.308
MinimumVisualStudioVersion = 10.0.40219.1
Project("{888888A0-9F3D-457C-B088-3A5042F75D52}") = "DjangoWebProject_web_lab4_2022", "DjangoWebProject_web_lab4_2022.pyproj", "{BECDF982-D5D1-4A4B-90B9-8E3D02BF98B9}"
EndProject
Global
	GlobalSection(SolutionConfigurationPlatforms) = preSolution
		Debug|Any CPU = Debug|Any CPU
		Release|Any CPU = Release|Any CPU
	EndGlobalSection
	GlobalSection(ProjectConfigurationPlatforms) = postSolution
		{BECDF982-D5D1-4A4B-90B9-8E3D02BF98B9}.Debug|Any CPU.ActiveCfg = Debug|Any CPU
		{BECDF982-D5D1-4A4B-90B9-8E3D02BF98B9}.Debug|Any CPU.Build.0 = Debug|Any CPU
		{BECDF982-D5D1-4A4B-90B9-8E3D02BF98B9}.Release|Any CPU.ActiveCfg = Release|Any CPU
		{BECDF982-D5D1-4A4B-90B9-8E3D02BF98B9}.Release|Any CPU.Build.0 = Release|Any CPU
	EndGlobalSection
	GlobalSection(SolutionProperties) = preSolution
		HideSolutionNode = FALSE
	EndGlobalSection
	GlobalSection(ExtensibilityGlobals) = postSolution
		SolutionGuid = {A4D338D1-EF86-422E-812E-DFE707F962E8}
	EndGlobalSection
EndGlobal
